# THIS IS AN AUTOGENERATED FILE. DO NOT EDIT THIS FILE DIRECTLY.
# yarn lockfile v1


"@strapi/icons@^1.4.0":
  version "1.4.0"
  resolved "https://registry.yarnpkg.com/@strapi/icons/-/icons-1.4.0.tgz#1dd5b639eac800fc7c7630d6870dfb20dfd0fa14"
  integrity sha512-Ywzet8obDRAJuLKPw4mNcF4owZt7UeGu/+mGLQEmIUij03li8wTSHIZPa/Yd7/0SXI/cozqoFW2PwBQ8zdR1/w==

typescript@4.6.3:
  version "4.6.3"
  resolved "https://registry.yarnpkg.com/typescript/-/typescript-4.6.3.tgz#eefeafa6afdd31d725584c67a0eaba80f6fc6c6c"
  integrity sha512-yNIatDa5iaofVozS/uQJEl3JRWLKKGJKh6Yaiv0GLGSuhpFJe7P3SbHZ8/yjAHRQwKRoA6YZqlfjXWmVzoVSMw==
